
Microsoft Visual Studio Solution File, Format Version 12.00
# Visual Studio Version 16
VisualStudioVersion = 16.0.30611.23
MinimumVisualStudioVersion = 10.0.40219.1
Project("{FAE04EC0-301F-11D3-BF4B-00C04F79EFBC}") = "excercise1", "excercise1\excercise1.csproj", "{2A5A55C6-6470-4D9D-8494-091F9C0DAFCB}"
EndProject
Project("{FAE04EC0-301F-11D3-BF4B-00C04F79EFBC}") = "excercise2", "excercise2\excercise2.csproj", "{3A24A97B-E93C-42D8-970D-7DDEC07F3E9A}"
EndProject
Project("{FAE04EC0-301F-11D3-BF4B-00C04F79EFBC}") = "excercise3", "excercise3\excercise3.csproj", "{535ECD0D-D56F-4D17-A6AA-3991C1B797BF}"
EndProject
Project("{FAE04EC0-301F-11D3-BF4B-00C04F79EFBC}") = "excercise4", "excercise4\excercise4.csproj", "{B17CC51D-A9A8-491A-8D02-05528EC5B65A}"
EndProject
Global
	GlobalSection(SolutionConfigurationPlatforms) = preSolution
		Debug|Any CPU = Debug|Any CPU
		Release|Any CPU = Release|Any CPU
	EndGlobalSection
	GlobalSection(ProjectConfigurationPlatforms) = postSolution
		{2A5A55C6-6470-4D9D-8494-091F9C0DAFCB}.Debug|Any CPU.ActiveCfg = Debug|Any CPU
		{2A5A55C6-6470-4D9D-8494-091F9C0DAFCB}.Debug|Any CPU.Build.0 = Debug|Any CPU
		{2A5A55C6-6470-4D9D-8494-091F9C0DAFCB}.Release|Any CPU.ActiveCfg = Release|Any CPU
		{2A5A55C6-6470-4D9D-8494-091F9C0DAFCB}.Release|Any CPU.Build.0 = Release|Any CPU
		{3A24A97B-E93C-42D8-970D-7DDEC07F3E9A}.Debug|Any CPU.ActiveCfg = Debug|Any CPU
		{3A24A97B-E93C-42D8-970D-7DDEC07F3E9A}.Debug|Any CPU.Build.0 = Debug|Any CPU
		{3A24A97B-E93C-42D8-970D-7DDEC07F3E9A}.Release|Any CPU.ActiveCfg = Release|Any CPU
		{3A24A97B-E93C-42D8-970D-7DDEC07F3E9A}.Release|Any CPU.Build.0 = Release|Any CPU
		{535ECD0D-D56F-4D17-A6AA-3991C1B797BF}.Debug|Any CPU.ActiveCfg = Debug|Any CPU
		{535ECD0D-D56F-4D17-A6AA-3991C1B797BF}.Debug|Any CPU.Build.0 = Debug|Any CPU
		{535ECD0D-D56F-4D17-A6AA-3991C1B797BF}.Release|Any CPU.ActiveCfg = Release|Any CPU
		{535ECD0D-D56F-4D17-A6AA-3991C1B797BF}.Release|Any CPU.Build.0 = Release|Any CPU
		{B17CC51D-A9A8-491A-8D02-05528EC5B65A}.Debug|Any CPU.ActiveCfg = Debug|Any CPU
		{B17CC51D-A9A8-491A-8D02-05528EC5B65A}.Debug|Any CPU.Build.0 = Debug|Any CPU
		{B17CC51D-A9A8-491A-8D02-05528EC5B65A}.Release|Any CPU.ActiveCfg = Release|Any CPU
		{B17CC51D-A9A8-491A-8D02-05528EC5B65A}.Release|Any CPU.Build.0 = Release|Any CPU
	EndGlobalSection
	GlobalSection(SolutionProperties) = preSolution
		HideSolutionNode = FALSE
	EndGlobalSection
	GlobalSection(ExtensibilityGlobals) = postSolution
		SolutionGuid = {1DCE6F47-DC80-4D44-AB6B-98A3FE085676}
	EndGlobalSection
EndGlobal
